
Microsoft Visual Studio Solution File, Format Version 12.00
# Visual Studio Version 17
VisualStudioVersion = 17.11.35327.3
MinimumVisualStudioVersion = 10.0.40219.1
Project("{FAE04EC0-301F-11D3-BF4B-00C04F79EFBC}") = "frmToDoList", "frmToDoList\frmToDoList.csproj", "{4463E178-A5CB-4F4B-A28B-38C069E26E45}"
EndProject
Global
	GlobalSection(SolutionConfigurationPlatforms) = preSolution
		Debug|Any CPU = Debug|Any CPU
		Release|Any CPU = Release|Any CPU
	EndGlobalSection
	GlobalSection(ProjectConfigurationPlatforms) = postSolution
		{4463E178-A5CB-4F4B-A28B-38C069E26E45}.Debug|Any CPU.ActiveCfg = Debug|Any CPU
		{4463E178-A5CB-4F4B-A28B-38C069E26E45}.Debug|Any CPU.Build.0 = Debug|Any CPU
		{4463E178-A5CB-4F4B-A28B-38C069E26E45}.Release|Any CPU.ActiveCfg = Release|Any CPU
		{4463E178-A5CB-4F4B-A28B-38C069E26E45}.Release|Any CPU.Build.0 = Release|Any CPU
	EndGlobalSection
	GlobalSection(SolutionProperties) = preSolution
		HideSolutionNode = FALSE
	EndGlobalSection
	GlobalSection(ExtensibilityGlobals) = postSolution
		SolutionGuid = {2A084281-F06B-41F3-8DD5-78D25BEE1ED8}
	EndGlobalSection
EndGlobal
